
Microsoft Visual Studio Solution File, Format Version 12.00
# Visual Studio Version 16
VisualStudioVersion = 16.0.30626.31
MinimumVisualStudioVersion = 10.0.40219.1
Project("{FAE04EC0-301F-11D3-BF4B-00C04F79EFBC}") = "PlantLady.Android", "PlantLady\PlantLady.Android\PlantLady.Android.csproj", "{91D882E4-B049-4F66-9B2C-6AD42966217E}"
EndProject
Project("{FAE04EC0-301F-11D3-BF4B-00C04F79EFBC}") = "PlantLady.iOS", "PlantLady\PlantLady.iOS\PlantLady.iOS.csproj", "{FA46E4C6-623B-4F46-85CB-864D01C0C070}"
EndProject
Project("{FAE04EC0-301F-11D3-BF4B-00C04F79EFBC}") = "PlantLady", "PlantLady\PlantLady\PlantLady.csproj", "{CC55A327-2B7F-4D80-8DAF-B4E0106D1D00}"
EndProject
Project("{9344BDBB-3E7F-41FC-A0DD-8665D75EE146}") = "PlantLady.UWP", "PlantLady\PlantLady.UWP\PlantLady.UWP.csproj", "{971FDE55-2F32-4F4E-A81C-B2353AA301CB}"
EndProject
Project("{FAE04EC0-301F-11D3-BF4B-00C04F79EFBC}") = "PlantLady.UITest", "PlantLady\PlantLady.UITest\PlantLady.UITest.csproj", "{80FFD02A-FD88-4D9B-861D-1DC786587537}"
EndProject
Global
	GlobalSection(SolutionConfigurationPlatforms) = preSolution
		Debug|Any CPU = Debug|Any CPU
		Debug|ARM = Debug|ARM
		Debug|iPhone = Debug|iPhone
		Debug|iPhoneSimulator = Debug|iPhoneSimulator
		Debug|x64 = Debug|x64
		Debug|x86 = Debug|x86
		Release|Any CPU = Release|Any CPU
		Release|ARM = Release|ARM
		Release|iPhone = Release|iPhone
		Release|iPhoneSimulator = Release|iPhoneSimulator
		Release|x64 = Release|x64
		Release|x86 = Release|x86
	EndGlobalSection
	GlobalSection(ProjectConfigurationPlatforms) = postSolution
		{91D882E4-B049-4F66-9B2C-6AD42966217E}.Debug|Any CPU.ActiveCfg = Debug|Any CPU
		{91D882E4-B049-4F66-9B2C-6AD42966217E}.Debug|Any CPU.Build.0 = Debug|Any CPU
		{91D882E4-B049-4F66-9B2C-6AD42966217E}.Debug|Any CPU.Deploy.0 = Debug|Any CPU
		{91D882E4-B049-4F66-9B2C-6AD42966217E}.Debug|ARM.ActiveCfg = Debug|Any CPU
		{91D882E4-B049-4F66-9B2C-6AD42966217E}.Debug|ARM.Build.0 = Debug|Any CPU
		{91D882E4-B049-4F66-9B2C-6AD42966217E}.Debug|ARM.Deploy.0 = Debug|Any CPU
		{91D882E4-B049-4F66-9B2C-6AD42966217E}.Debug|iPhone.ActiveCfg = Debug|Any CPU
		{91D882E4-B049-4F66-9B2C-6AD42966217E}.Debug|iPhone.Build.0 = Debug|Any CPU
		{91D882E4-B049-4F66-9B2C-6AD42966217E}.Debug|iPhone.Deploy.0 = Debug|Any CPU
		{91D882E4-B049-4F66-9B2C-6AD42966217E}.Debug|iPhoneSimulator.ActiveCfg = Debug|Any CPU
		{91D882E4-B049-4F66-9B2C-6AD42966217E}.Debug|iPhoneSimulator.Build.0 = Debug|Any CPU
		{91D882E4-B049-4F66-9B2C-6AD42966217E}.Debug|iPhoneSimulator.Deploy.0 = Debug|Any CPU
		{91D882E4-B049-4F66-9B2C-6AD42966217E}.Debug|x64.ActiveCfg = Debug|Any CPU
		{91D882E4-B049-4F66-9B2C-6AD42966217E}.Debug|x64.Build.0 = Debug|Any CPU
		{91D882E4-B049-4F66-9B2C-6AD42966217E}.Debug|x64.Deploy.0 = Debug|Any CPU
		{91D882E4-B049-4F66-9B2C-6AD42966217E}.Debug|x86.ActiveCfg = Debug|Any CPU
		{91D882E4-B049-4F66-9B2C-6AD42966217E}.Debug|x86.Build.0 = Debug|Any CPU
		{91D882E4-B049-4F66-9B2C-6AD42966217E}.Debug|x86.Deploy.0 = Debug|Any CPU
		{91D882E4-B049-4F66-9B2C-6AD42966217E}.Release|Any CPU.ActiveCfg = Release|Any CPU
		{91D882E4-B049-4F66-9B2C-6AD42966217E}.Release|Any CPU.Build.0 = Release|Any CPU
		{91D882E4-B049-4F66-9B2C-6AD42966217E}.Release|Any CPU.Deploy.0 = Release|Any CPU
		{91D882E4-B049-4F66-9B2C-6AD42966217E}.Release|ARM.ActiveCfg = Release|Any CPU
		{91D882E4-B049-4F66-9B2C-6AD42966217E}.Release|ARM.Build.0 = Release|Any CPU
		{91D882E4-B049-4F66-9B2C-6AD42966217E}.Release|ARM.Deploy.0 = Release|Any CPU
		{91D882E4-B049-4F66-9B2C-6AD42966217E}.Release|iPhone.ActiveCfg = Release|Any CPU
		{91D882E4-B049-4F66-9B2C-6AD42966217E}.Release|iPhone.Build.0 = Release|Any CPU
		{91D882E4-B049-4F66-9B2C-6AD42966217E}.Release|iPhone.Deploy.0 = Release|Any CPU
		{91D882E4-B049-4F66-9B2C-6AD42966217E}.Release|iPhoneSimulator.ActiveCfg = Release|Any CPU
		{91D882E4-B049-4F66-9B2C-6AD42966217E}.Release|iPhoneSimulator.Build.0 = Release|Any CPU
		{91D882E4-B049-4F66-9B2C-6AD42966217E}.Release|iPhoneSimulator.Deploy.0 = Release|Any CPU
		{91D882E4-B049-4F66-9B2C-6AD42966217E}.Release|x64.ActiveCfg = Release|Any CPU
		{91D882E4-B049-4F66-9B2C-6AD42966217E}.Release|x64.Build.0 = Release|Any CPU
		{91D882E4-B049-4F66-9B2C-6AD42966217E}.Release|x64.Deploy.0 = Release|Any CPU
		{91D882E4-B049-4F66-9B2C-6AD42966217E}.Release|x86.ActiveCfg = Release|Any CPU
		{91D882E4-B049-4F66-9B2C-6AD42966217E}.Release|x86.Build.0 = Release|Any CPU
		{91D882E4-B049-4F66-9B2C-6AD42966217E}.Release|x86.Deploy.0 = Release|Any CPU
		{FA46E4C6-623B-4F46-85CB-864D01C0C070}.Debug|Any CPU.ActiveCfg = Debug|iPhoneSimulator
		{FA46E4C6-623B-4F46-85CB-864D01C0C070}.Debug|Any CPU.Build.0 = Debug|iPhoneSimulator
		{FA46E4C6-623B-4F46-85CB-864D01C0C070}.Debug|Any CPU.Deploy.0 = Debug|iPhoneSimulator
		{FA46E4C6-623B-4F46-85CB-864D01C0C070}.Debug|ARM.ActiveCfg = Debug|iPhone
		{FA46E4C6-623B-4F46-85CB-864D01C0C070}.Debug|ARM.Build.0 = Debug|iPhone
		{FA46E4C6-623B-4F46-85CB-864D01C0C070}.Debug|ARM.Deploy.0 = Debug|iPhone
		{FA46E4C6-623B-4F46-85CB-864D01C0C070}.Debug|iPhone.ActiveCfg = Debug|iPhone
		{FA46E4C6-623B-4F46-85CB-864D01C0C070}.Debug|iPhone.Build.0 = Debug|iPhone
		{FA46E4C6-623B-4F46-85CB-864D01C0C070}.Debug|iPhone.Deploy.0 = Debug|iPhone
		{FA46E4C6-623B-4F46-85CB-864D01C0C070}.Debug|iPhoneSimulator.ActiveCfg = Debug|iPhoneSimulator
		{FA46E4C6-623B-4F46-85CB-864D01C0C070}.Debug|iPhoneSimulator.Build.0 = Debug|iPhoneSimulator
		{FA46E4C6-623B-4F46-85CB-864D01C0C070}.Debug|iPhoneSimulator.Deploy.0 = Debug|iPhoneSimulator
		{FA46E4C6-623B-4F46-85CB-864D01C0C070}.Debug|x64.ActiveCfg = Debug|iPhoneSimulator
		{FA46E4C6-623B-4F46-85CB-864D01C0C070}.Debug|x64.Build.0 = Debug|iPhoneSimulator
		{FA46E4C6-623B-4F46-85CB-864D01C0C070}.Debug|x64.Deploy.0 = Debug|iPhoneSimulator
		{FA46E4C6-623B-4F46-85CB-864D01C0C070}.Debug|x86.ActiveCfg = Debug|iPhoneSimulator
		{FA46E4C6-623B-4F46-85CB-864D01C0C070}.Debug|x86.Build.0 = Debug|iPhoneSimulator
		{FA46E4C6-623B-4F46-85CB-864D01C0C070}.Debug|x86.Deploy.0 = Debug|iPhoneSimulator
		{FA46E4C6-623B-4F46-85CB-864D01C0C070}.Release|Any CPU.ActiveCfg = Release|iPhoneSimulator
		{FA46E4C6-623B-4F46-85CB-864D01C0C070}.Release|Any CPU.Build.0 = Release|iPhoneSimulator
		{FA46E4C6-623B-4F46-85CB-864D01C0C070}.Release|Any CPU.Deploy.0 = Release|iPhoneSimulator
		{FA46E4C6-623B-4F46-85CB-864D01C0C070}.Release|ARM.ActiveCfg = Release|iPhoneSimulator
		{FA46E4C6-623B-4F46-85CB-864D01C0C070}.Release|ARM.Build.0 = Release|iPhoneSimulator
		{FA46E4C6-623B-4F46-85CB-864D01C0C070}.Release|ARM.Deploy.0 = Release|iPhoneSimulator
		{FA46E4C6-623B-4F46-85CB-864D01C0C070}.Release|iPhone.ActiveCfg = Release|iPhone
		{FA46E4C6-623B-4F46-85CB-864D01C0C070}.Release|iPhone.Build.0 = Release|iPhone
		{FA46E4C6-623B-4F46-85CB-864D01C0C070}.Release|iPhone.Deploy.0 = Release|iPhone
		{FA46E4C6-623B-4F46-85CB-864D01C0C070}.Release|iPhoneSimulator.ActiveCfg = Release|iPhoneSimulator
		{FA46E4C6-623B-4F46-85CB-864D01C0C070}.Release|iPhoneSimulator.Build.0 = Release|iPhoneSimulator
		{FA46E4C6-623B-4F46-85CB-864D01C0C070}.Release|iPhoneSimulator.Deploy.0 = Release|iPhoneSimulator
		{FA46E4C6-623B-4F46-85CB-864D01C0C070}.Release|x64.ActiveCfg = Release|iPhoneSimulator
		{FA46E4C6-623B-4F46-85CB-864D01C0C070}.Release|x64.Build.0 = Release|iPhoneSimulator
		{FA46E4C6-623B-4F46-85CB-864D01C0C070}.Release|x64.Deploy.0 = Release|iPhoneSimulator
		{FA46E4C6-623B-4F46-85CB-864D01C0C070}.Release|x86.ActiveCfg = Release|iPhoneSimulator
		{FA46E4C6-623B-4F46-85CB-864D01C0C070}.Release|x86.Build.0 = Release|iPhoneSimulator
		{FA46E4C6-623B-4F46-85CB-864D01C0C070}.Release|x86.Deploy.0 = Release|iPhoneSimulator
		{CC55A327-2B7F-4D80-8DAF-B4E0106D1D00}.Debug|Any CPU.ActiveCfg = Debug|Any CPU
		{CC55A327-2B7F-4D80-8DAF-B4E0106D1D00}.Debug|Any CPU.Build.0 = Debug|Any CPU
		{CC55A327-2B7F-4D80-8DAF-B4E0106D1D00}.Debug|Any CPU.Deploy.0 = Debug|Any CPU
		{CC55A327-2B7F-4D80-8DAF-B4E0106D1D00}.Debug|ARM.ActiveCfg = Debug|Any CPU
		{CC55A327-2B7F-4D80-8DAF-B4E0106D1D00}.Debug|ARM.Build.0 = Debug|Any CPU
		{CC55A327-2B7F-4D80-8DAF-B4E0106D1D00}.Debug|ARM.Deploy.0 = Debug|Any CPU
		{CC55A327-2B7F-4D80-8DAF-B4E0106D1D00}.Debug|iPhone.ActiveCfg = Debug|Any CPU
		{CC55A327-2B7F-4D80-8DAF-B4E0106D1D00}.Debug|iPhone.Build.0 = Debug|Any CPU
		{CC55A327-2B7F-4D80-8DAF-B4E0106D1D00}.Debug|iPhone.Deploy.0 = Debug|Any CPU
		{CC55A327-2B7F-4D80-8DAF-B4E0106D1D00}.Debug|iPhoneSimulator.ActiveCfg = Debug|Any CPU
		{CC55A327-2B7F-4D80-8DAF-B4E0106D1D00}.Debug|iPhoneSimulator.Build.0 = Debug|Any CPU
		{CC55A327-2B7F-4D80-8DAF-B4E0106D1D00}.Debug|iPhoneSimulator.Deploy.0 = Debug|Any CPU
		{CC55A327-2B7F-4D80-8DAF-B4E0106D1D00}.Debug|x64.ActiveCfg = Debug|Any CPU
		{CC55A327-2B7F-4D80-8DAF-B4E0106D1D00}.Debug|x64.Build.0 = Debug|Any CPU
		{CC55A327-2B7F-4D80-8DAF-B4E0106D1D00}.Debug|x64.Deploy.0 = Debug|Any CPU
		{CC55A327-2B7F-4D80-8DAF-B4E0106D1D00}.Debug|x86.ActiveCfg = Debug|Any CPU
		{CC55A327-2B7F-4D80-8DAF-B4E0106D1D00}.Debug|x86.Build.0 = Debug|Any CPU
		{CC55A327-2B7F-4D80-8DAF-B4E0106D1D00}.Debug|x86.Deploy.0 = Debug|Any CPU
		{CC55A327-2B7F-4D80-8DAF-B4E0106D1D00}.Release|Any CPU.ActiveCfg = Release|Any CPU
		{CC55A327-2B7F-4D80-8DAF-B4E0106D1D00}.Release|Any CPU.Build.0 = Release|Any CPU
		{CC55A327-2B7F-4D80-8DAF-B4E0106D1D00}.Release|Any CPU.Deploy.0 = Release|Any CPU
		{CC55A327-2B7F-4D80-8DAF-B4E0106D1D00}.Release|ARM.ActiveCfg = Release|Any CPU
		{CC55A327-2B7F-4D80-8DAF-B4E0106D1D00}.Release|ARM.Build.0 = Release|Any CPU
		{CC55A327-2B7F-4D80-8DAF-B4E0106D1D00}.Release|ARM.Deploy.0 = Release|Any CPU
		{CC55A327-2B7F-4D80-8DAF-B4E0106D1D00}.Release|iPhone.ActiveCfg = Release|Any CPU
		{CC55A327-2B7F-4D80-8DAF-B4E0106D1D00}.Release|iPhone.Build.0 = Release|Any CPU
		{CC55A327-2B7F-4D80-8DAF-B4E0106D1D00}.Release|iPhone.Deploy.0 = Release|Any CPU
		{CC55A327-2B7F-4D80-8DAF-B4E0106D1D00}.Release|iPhoneSimulator.ActiveCfg = Release|Any CPU
		{CC55A327-2B7F-4D80-8DAF-B4E0106D1D00}.Release|iPhoneSimulator.Build.0 = Release|Any CPU
		{CC55A327-2B7F-4D80-8DAF-B4E0106D1D00}.Release|iPhoneSimulator.Deploy.0 = Release|Any CPU
		{CC55A327-2B7F-4D80-8DAF-B4E0106D1D00}.Release|x64.ActiveCfg = Release|Any CPU
		{CC55A327-2B7F-4D80-8DAF-B4E0106D1D00}.Release|x64.Build.0 = Release|Any CPU
		{CC55A327-2B7F-4D80-8DAF-B4E0106D1D00}.Release|x64.Deploy.0 = Release|Any CPU
		{CC55A327-2B7F-4D80-8DAF-B4E0106D1D00}.Release|x86.ActiveCfg = Release|Any CPU
		{CC55A327-2B7F-4D80-8DAF-B4E0106D1D00}.Release|x86.Build.0 = Release|Any CPU
		{CC55A327-2B7F-4D80-8DAF-B4E0106D1D00}.Release|x86.Deploy.0 = Release|Any CPU
		{971FDE55-2F32-4F4E-A81C-B2353AA301CB}.Debug|Any CPU.ActiveCfg = Debug|x86
		{971FDE55-2F32-4F4E-A81C-B2353AA301CB}.Debug|Any CPU.Build.0 = Debug|x86
		{971FDE55-2F32-4F4E-A81C-B2353AA301CB}.Debug|Any CPU.Deploy.0 = Debug|x86
		{971FDE55-2F32-4F4E-A81C-B2353AA301CB}.Debug|ARM.ActiveCfg = Debug|ARM
		{971FDE55-2F32-4F4E-A81C-B2353AA301CB}.Debug|ARM.Build.0 = Debug|ARM
		{971FDE55-2F32-4F4E-A81C-B2353AA301CB}.Debug|ARM.Deploy.0 = Debug|ARM
		{971FDE55-2F32-4F4E-A81C-B2353AA301CB}.Debug|iPhone.ActiveCfg = Debug|x86
		{971FDE55-2F32-4F4E-A81C-B2353AA301CB}.Debug|iPhone.Build.0 = Debug|x86
		{971FDE55-2F32-4F4E-A81C-B2353AA301CB}.Debug|iPhone.Deploy.0 = Debug|x86
		{971FDE55-2F32-4F4E-A81C-B2353AA301CB}.Debug|iPhoneSimulator.ActiveCfg = Debug|x86
		{971FDE55-2F32-4F4E-A81C-B2353AA301CB}.Debug|iPhoneSimulator.Build.0 = Debug|x86
		{971FDE55-2F32-4F4E-A81C-B2353AA301CB}.Debug|iPhoneSimulator.Deploy.0 = Debug|x86
		{971FDE55-2F32-4F4E-A81C-B2353AA301CB}.Debug|x64.ActiveCfg = Debug|x64
		{971FDE55-2F32-4F4E-A81C-B2353AA301CB}.Debug|x64.Build.0 = Debug|x64
		{971FDE55-2F32-4F4E-A81C-B2353AA301CB}.Debug|x64.Deploy.0 = Debug|x64
		{971FDE55-2F32-4F4E-A81C-B2353AA301CB}.Debug|x86.ActiveCfg = Debug|x86
		{971FDE55-2F32-4F4E-A81C-B2353AA301CB}.Debug|x86.Build.0 = Debug|x86
		{971FDE55-2F32-4F4E-A81C-B2353AA301CB}.Debug|x86.Deploy.0 = Debug|x86
		{971FDE55-2F32-4F4E-A81C-B2353AA301CB}.Release|Any CPU.ActiveCfg = Release|x86
		{971FDE55-2F32-4F4E-A81C-B2353AA301CB}.Release|Any CPU.Build.0 = Release|x86
		{971FDE55-2F32-4F4E-A81C-B2353AA301CB}.Release|Any CPU.Deploy.0 = Release|x86
		{971FDE55-2F32-4F4E-A81C-B2353AA301CB}.Release|ARM.ActiveCfg = Release|ARM
		{971FDE55-2F32-4F4E-A81C-B2353AA301CB}.Release|ARM.Build.0 = Release|ARM
		{971FDE55-2F32-4F4E-A81C-B2353AA301CB}.Release|ARM.Deploy.0 = Release|ARM
		{971FDE55-2F32-4F4E-A81C-B2353AA301CB}.Release|iPhone.ActiveCfg = Release|x86
		{971FDE55-2F32-4F4E-A81C-B2353AA301CB}.Release|iPhone.Build.0 = Release|x86
		{971FDE55-2F32-4F4E-A81C-B2353AA301CB}.Release|iPhone.Deploy.0 = Release|x86
		{971FDE55-2F32-4F4E-A81C-B2353AA301CB}.Release|iPhoneSimulator.ActiveCfg = Release|x86
		{971FDE55-2F32-4F4E-A81C-B2353AA301CB}.Release|iPhoneSimulator.Build.0 = Release|x86
		{971FDE55-2F32-4F4E-A81C-B2353AA301CB}.Release|iPhoneSimulator.Deploy.0 = Release|x86
		{971FDE55-2F32-4F4E-A81C-B2353AA301CB}.Release|x64.ActiveCfg = Release|x64
		{971FDE55-2F32-4F4E-A81C-B2353AA301CB}.Release|x64.Build.0 = Release|x64
		{971FDE55-2F32-4F4E-A81C-B2353AA301CB}.Release|x64.Deploy.0 = Release|x64
		{971FDE55-2F32-4F4E-A81C-B2353AA301CB}.Release|x86.ActiveCfg = Release|x86
		{971FDE55-2F32-4F4E-A81C-B2353AA301CB}.Release|x86.Build.0 = Release|x86
		{971FDE55-2F32-4F4E-A81C-B2353AA301CB}.Release|x86.Deploy.0 = Release|x86
		{80FFD02A-FD88-4D9B-861D-1DC786587537}.Debug|Any CPU.ActiveCfg = Debug|Any CPU
		{80FFD02A-FD88-4D9B-861D-1DC786587537}.Debug|Any CPU.Build.0 = Debug|Any CPU
		{80FFD02A-FD88-4D9B-861D-1DC786587537}.Debug|ARM.ActiveCfg = Debug|Any CPU
		{80FFD02A-FD88-4D9B-861D-1DC786587537}.Debug|ARM.Build.0 = Debug|Any CPU
		{80FFD02A-FD88-4D9B-861D-1DC786587537}.Debug|iPhone.ActiveCfg = Debug|Any CPU
		{80FFD02A-FD88-4D9B-861D-1DC786587537}.Debug|iPhone.Build.0 = Debug|Any CPU
		{80FFD02A-FD88-4D9B-861D-1DC786587537}.Debug|iPhoneSimulator.ActiveCfg = Debug|Any CPU
		{80FFD02A-FD88-4D9B-861D-1DC786587537}.Debug|iPhoneSimulator.Build.0 = Debug|Any CPU
		{80FFD02A-FD88-4D9B-861D-1DC786587537}.Debug|x64.ActiveCfg = Debug|Any CPU
		{80FFD02A-FD88-4D9B-861D-1DC786587537}.Debug|x64.Build.0 = Debug|Any CPU
		{80FFD02A-FD88-4D9B-861D-1DC786587537}.Debug|x86.ActiveCfg = Debug|Any CPU
		{80FFD02A-FD88-4D9B-861D-1DC786587537}.Debug|x86.Build.0 = Debug|Any CPU
		{80FFD02A-FD88-4D9B-861D-1DC786587537}.Release|Any CPU.ActiveCfg = Release|Any CPU
		{80FFD02A-FD88-4D9B-861D-1DC786587537}.Release|Any CPU.Build.0 = Release|Any CPU
		{80FFD02A-FD88-4D9B-861D-1DC786587537}.Release|ARM.ActiveCfg = Release|Any CPU
		{80FFD02A-FD88-4D9B-861D-1DC786587537}.Release|ARM.Build.0 = Release|Any CPU
		{80FFD02A-FD88-4D9B-861D-1DC786587537}.Release|iPhone.ActiveCfg = Release|Any CPU
		{80FFD02A-FD88-4D9B-861D-1DC786587537}.Release|iPhone.Build.0 = Release|Any CPU
		{80FFD02A-FD88-4D9B-861D-1DC786587537}.Release|iPhoneSimulator.ActiveCfg = Release|Any CPU
		{80FFD02A-FD88-4D9B-861D-1DC786587537}.Release|iPhoneSimulator.Build.0 = Release|Any CPU
		{80FFD02A-FD88-4D9B-861D-1DC786587537}.Release|x64.ActiveCfg = Release|Any CPU
		{80FFD02A-FD88-4D9B-861D-1DC786587537}.Release|x64.Build.0 = Release|Any CPU
		{80FFD02A-FD88-4D9B-861D-1DC786587537}.Release|x86.ActiveCfg = Release|Any CPU
		{80FFD02A-FD88-4D9B-861D-1DC786587537}.Release|x86.Build.0 = Release|Any CPU
	EndGlobalSection
	GlobalSection(SolutionProperties) = preSolution
		HideSolutionNode = FALSE
	EndGlobalSection
	GlobalSection(ExtensibilityGlobals) = postSolution
		SolutionGuid = {9B906403-1E3A-40CA-AED7-4375E6E15278}
	EndGlobalSection
EndGlobal
